# THIS IS AN AUTOGENERATED FILE. DO NOT EDIT THIS FILE DIRECTLY.
# yarn lockfile v1


"@babel/parser@^7.16.4":
  "integrity" "sha512-rL50YcEuHbbauAFAysNsJA4/f89fGTOBRNs9P81sniKnKAr4xULe5AecolcsKbi88xu0ByWYDj/S1AJ3FSFuSQ=="
  "resolved" "https://registry.npmmirror.com/@babel/parser/-/parser-7.18.3.tgz"
  "version" "7.18.3"

"@babel/standalone@^7.17.11":
  "integrity" "sha512-3dDouWyjdS8sJTm6hf8KkJq7fr9ORWMlWGNcMV/Uz2rNnoI6uu8wJGhZ7E65J+x6v8ta9yPbzkUT2YBFcWUbWg=="
  "resolved" "http://192.168.77.105:8081/nexus/content/groups/npm-all/@babel/standalone/-/standalone-7.18.4.tgz"
  "version" "7.18.4"

"@vitejs/plugin-legacy@^1.8.2":
  "integrity" "sha512-NCOKU+pU+cxLMR9P9RTolEuOK+h+zYBXlknj+zGcKSj/NXBZYgA1GAH1FnO4zijoWRiTaiOm2ha9LQrELE7XHg=="
  "resolved" "http://192.168.77.105:8081/nexus/content/groups/npm-all/@vitejs/plugin-legacy/-/plugin-legacy-1.8.2.tgz"
  "version" "1.8.2"
  dependencies:
    "@babel/standalone" "^7.17.11"
    "core-js" "^3.22.3"
    "magic-string" "^0.26.1"
    "regenerator-runtime" "^0.13.9"
    "systemjs" "^6.12.1"

"@vitejs/plugin-vue@^2.3.3":
  "integrity" "sha512-SmQLDyhz+6lGJhPELsBdzXGc+AcaT8stgkbiTFGpXPe8Tl1tJaBw1A6pxDqDuRsVkD8uscrkx3hA7QDOoKYtyw=="
  "resolved" "https://registry.npmmirror.com/@vitejs/plugin-vue/-/plugin-vue-2.3.3.tgz"
  "version" "2.3.3"

"@vue/compiler-core@3.2.36":
  "integrity" "sha512-bbyZM5hvBicv0PW3KUfVi+x3ylHnfKG7DOn5wM+f2OztTzTjLEyBb/5yrarIYpmnGitVGbjZqDbODyW4iK8hqw=="
  "resolved" "https://registry.npmmirror.com/@vue/compiler-core/-/compiler-core-3.2.36.tgz"
  "version" "3.2.36"
  dependencies:
    "@babel/parser" "^7.16.4"
    "@vue/shared" "3.2.36"
    "estree-walker" "^2.0.2"
    "source-map" "^0.6.1"

"@vue/compiler-dom@3.2.36":
  "integrity" "sha512-tcOTAOiW4s24QLnq+ON6J+GRONXJ+A/mqKCORi0LSlIh8XQlNnlm24y8xIL8la+ZDgkdbjarQ9ZqYSvEja6gVA=="
  "resolved" "https://registry.npmmirror.com/@vue/compiler-dom/-/compiler-dom-3.2.36.tgz"
  "version" "3.2.36"
  dependencies:
    "@vue/compiler-core" "3.2.36"
    "@vue/shared" "3.2.36"

"@vue/compiler-sfc@3.2.36":
  "integrity" "sha512-AvGb4bTj4W8uQ4BqaSxo7UwTEqX5utdRSMyHy58OragWlt8nEACQ9mIeQh3K4di4/SX+41+pJrLIY01lHAOFOA=="
  "resolved" "https://registry.npmmirror.com/@vue/compiler-sfc/-/compiler-sfc-3.2.36.tgz"
  "version" "3.2.36"
  dependencies:
    "@babel/parser" "^7.16.4"
    "@vue/compiler-core" "3.2.36"
    "@vue/compiler-dom" "3.2.36"
    "@vue/compiler-ssr" "3.2.36"
    "@vue/reactivity-transform" "3.2.36"
    "@vue/shared" "3.2.36"
    "estree-walker" "^2.0.2"
    "magic-string" "^0.25.7"
    "postcss" "^8.1.10"
    "source-map" "^0.6.1"

"@vue/compiler-ssr@3.2.36":
  "integrity" "sha512-+KugInUFRvOxEdLkZwE+W43BqHyhBh0jpYXhmqw1xGq2dmE6J9eZ8UUSOKNhdHtQ/iNLWWeK/wPZkVLUf3YGaw=="
  "resolved" "https://registry.npmmirror.com/@vue/compiler-ssr/-/compiler-ssr-3.2.36.tgz"
  "version" "3.2.36"
  dependencies:
    "@vue/compiler-dom" "3.2.36"
    "@vue/shared" "3.2.36"

"@vue/devtools-api@^6.0.0":
  "integrity" "sha512-IiA0SvDrJEgXvVxjNkHPFfDx6SXw0b/TUkqMcDZWNg9fnCAHbTpoo59YfJ9QLFkwa3raau5vSlRVzMSLDnfdtQ=="
  "resolved" "https://registry.npmmirror.com/@vue/devtools-api/-/devtools-api-6.1.4.tgz"
  "version" "6.1.4"

"@vue/reactivity-transform@3.2.36":
  "integrity" "sha512-Jk5o2BhpODC9XTA7o4EL8hSJ4JyrFWErLtClG3NH8wDS7ri9jBDWxI7/549T7JY9uilKsaNM+4pJASLj5dtRwA=="
  "resolved" "https://registry.npmmirror.com/@vue/reactivity-transform/-/reactivity-transform-3.2.36.tgz"
  "version" "3.2.36"
  dependencies:
    "@babel/parser" "^7.16.4"
    "@vue/compiler-core" "3.2.36"
    "@vue/shared" "3.2.36"
    "estree-walker" "^2.0.2"
    "magic-string" "^0.25.7"

"@vue/reactivity@3.2.36":
  "integrity" "sha512-c2qvopo0crh9A4GXi2/2kfGYMxsJW4tVILrqRPydVGZHhq0fnzy6qmclWOhBFckEhmyxmpHpdJtIRYGeKcuhnA=="
  "resolved" "https://registry.npmmirror.com/@vue/reactivity/-/reactivity-3.2.36.tgz"
  "version" "3.2.36"
  dependencies:
    "@vue/shared" "3.2.36"

"@vue/runtime-core@3.2.36":
  "integrity" "sha512-PTWBD+Lub+1U3/KhbCExrfxyS14hstLX+cBboxVHaz+kXoiDLNDEYAovPtxeTutbqtClIXtft+wcGdC+FUQ9qQ=="
  "resolved" "https://registry.npmmirror.com/@vue/runtime-core/-/runtime-core-3.2.36.tgz"
  "version" "3.2.36"
  dependencies:
    "@vue/reactivity" "3.2.36"
    "@vue/shared" "3.2.36"

"@vue/runtime-dom@3.2.36":
  "integrity" "sha512-gYPYblm7QXHVuBohqNRRT7Wez0f2Mx2D40rb4fleehrJU9CnkjG0phhcGEZFfGwCmHZRqBCRgbFWE98bPULqkg=="
  "resolved" "https://registry.npmmirror.com/@vue/runtime-dom/-/runtime-dom-3.2.36.tgz"
  "version" "3.2.36"
  dependencies:
    "@vue/runtime-core" "3.2.36"
    "@vue/shared" "3.2.36"
    "csstype" "^2.6.8"

"@vue/server-renderer@3.2.36":
  "integrity" "sha512-uZE0+jfye6yYXWvAQYeHZv+f50sRryvy16uiqzk3jn8hEY8zTjI+rzlmZSGoE915k+W/Ol9XSw6vxOUD8dGkUg=="
  "resolved" "https://registry.npmmirror.com/@vue/server-renderer/-/server-renderer-3.2.36.tgz"
  "version" "3.2.36"
  dependencies:
    "@vue/compiler-ssr" "3.2.36"
    "@vue/shared" "3.2.36"

"@vue/shared@3.2.36":
  "integrity" "sha512-JtB41wXl7Au3+Nl3gD16Cfpj7k/6aCroZ6BbOiCMFCMvrOpkg/qQUXTso2XowaNqBbnkuGHurLAqkLBxNGc1hQ=="
  "resolved" "https://registry.npmmirror.com/@vue/shared/-/shared-3.2.36.tgz"
  "version" "3.2.36"

"@vueuse/core@^8.5.0":
  "integrity" "sha512-VEJ6sGNsPlUp0o9BGda2YISvDZbhWJSOJu5zlp2TufRGVrLcYUKr31jyFEOj6RXzG3k/H4aCYeZyjpItfU8glw=="
  "resolved" "https://registry.npmmirror.com/@vueuse/core/-/core-8.5.0.tgz"
  "version" "8.5.0"
  dependencies:
    "@vueuse/metadata" "8.5.0"
    "@vueuse/shared" "8.5.0"
    "vue-demi" "*"

"@vueuse/metadata@8.5.0":
  "integrity" "sha512-WxsD+Cd+bn+HcjpY6Dl9FJ8ywTRTT9pTwk3bCQpzEhXVYAyNczKDSahk50fCfIJKeWHhyI4B2+/ZEOxQAkUr0g=="
  "resolved" "https://registry.npmmirror.com/@vueuse/metadata/-/metadata-8.5.0.tgz"
  "version" "8.5.0"

"@vueuse/shared@8.5.0":
  "integrity" "sha512-qKG+SZb44VvGD4dU5cQ63z4JE2Yk39hQUecR0a9sEdJA01cx+XrxAvFKJfPooxwoiqalAVw/ktWK6xbyc/jS3g=="
  "resolved" "https://registry.npmmirror.com/@vueuse/shared/-/shared-8.5.0.tgz"
  "version" "8.5.0"
  dependencies:
    "vue-demi" "*"

"async-validator@^3.3.0":
  "integrity" "sha512-8eLCg00W9pIRZSB781UUX/H6Oskmm8xloZfr09lz5bikRpBVDlJ3hRVuxxP1SxcwsEYfJ4IU8Q19Y8/893r3rQ=="
  "resolved" "https://registry.npmmirror.com/async-validator/-/async-validator-3.5.2.tgz"
  "version" "3.5.2"

"async@^3.2.4":
  "integrity" "sha512-iAB+JbDEGXhyIUavoDl9WP/Jj106Kz9DEn1DPgYw5ruDn0e3Wgi3sKFm55sASdGBNOQB8F59d9qQ7deqrHA8wQ=="
  "resolved" "https://registry.npmmirror.com/async/-/async-3.2.4.tgz"
  "version" "3.2.4"

"batch-processor@1.0.0":
  "integrity" "sha512-xoLQD8gmmR32MeuBHgH0Tzd5PuSZx71ZsbhVxOCRbgktZEPe4SQy7s9Z50uPp0F/f7iw2XmkHN2xkgbMfckMDA=="
  "resolved" "https://registry.npmmirror.com/batch-processor/-/batch-processor-1.0.0.tgz"
  "version" "1.0.0"

"core-js@^3.22.3":
  "integrity" "sha512-UoGQ/cfzGYIuiq6Z7vWL1HfkE9U9IZ4Ub+0XSiJTCzvbZzgPA69oDF2f+lgJ6dFFLEdjW5O6svvoKzXX23xFkA=="
  "resolved" "http://192.168.77.105:8081/nexus/content/groups/npm-all/core-js/-/core-js-3.22.8.tgz"
  "version" "3.22.8"

"countup.js@^1.9.3":
  "integrity" "sha512-UHf2P/mFKaESqdPq+UdBJm/1y8lYdlcDd0nTZHNC8cxWoJwZr1Eldm1PpWui446vDl5Pd8PtRYkr3q6K4+Qa5A=="
  "resolved" "https://registry.npmmirror.com/countup.js/-/countup.js-1.9.3.tgz"
  "version" "1.9.3"

"csstype@^2.6.8":
  "integrity" "sha512-/WwNkdXfckNgw6S5R125rrW8ez139lBHWouiBvX8dfMFtcn6V81REDqnH7+CRpRipfYlyU1CmOnOxrmGcFOjeA=="
  "resolved" "https://registry.npmmirror.com/csstype/-/csstype-2.6.20.tgz"
  "version" "2.6.20"

"dayjs@^1.11.0":
  "integrity" "sha512-F4LXf1OeU9hrSYRPTTj/6FbO4HTjPKXvEIC1P2kcnFurViINCVk3ZV0xAS3XVx9MkMsXbbqlK6hjseaYbgKEHw=="
  "resolved" "https://registry.npmmirror.com/dayjs/-/dayjs-1.11.2.tgz"
  "version" "1.11.2"

"deepmerge@^2.2.1":
  "integrity" "sha512-R9hc1Xa/NOBi9WRVUWg19rl1UB7Tt4kuPd+thNJgFZoxXsTz7ncaPaeIm+40oSGuP33DfMb4sZt1QIGiJzC4EA=="
  "resolved" "https://registry.npmmirror.com/deepmerge/-/deepmerge-2.2.1.tgz"
  "version" "2.2.1"

"element-resize-detector@^1.2.0":
  "integrity" "sha512-Fl5Ftk6WwXE0wqCgNoseKWndjzZlDCwuPTcoVZfCP9R3EHQF8qUtr3YUPNETegRBOKqQKPW3n4kiIWngGi8tKg=="
  "resolved" "https://registry.npmmirror.com/element-resize-detector/-/element-resize-detector-1.2.4.tgz"
  "version" "1.2.4"
  dependencies:
    "batch-processor" "1.0.0"

"esbuild-windows-64@0.14.39":
  "integrity" "sha512-E2wm+5FwCcLpKsBHRw28bSYQw0Ikxb7zIMxw3OPAkiaQhLVr3dnVO8DofmbWhhf6b97bWzg37iSZ45ZDpLw7Ow=="
  "resolved" "https://registry.npmmirror.com/esbuild-windows-64/-/esbuild-windows-64-0.14.39.tgz"
  "version" "0.14.39"

"esbuild@^0.14.27":
  "integrity" "sha512-2kKujuzvRWYtwvNjYDY444LQIA3TyJhJIX3Yo4+qkFlDDtGlSicWgeHVJqMUP/2sSfH10PGwfsj+O2ro1m10xQ=="
  "resolved" "https://registry.npmmirror.com/esbuild/-/esbuild-0.14.39.tgz"
  "version" "0.14.39"
  optionalDependencies:
    "esbuild-android-64" "0.14.39"
    "esbuild-android-arm64" "0.14.39"
    "esbuild-darwin-64" "0.14.39"
    "esbuild-darwin-arm64" "0.14.39"
    "esbuild-freebsd-64" "0.14.39"
    "esbuild-freebsd-arm64" "0.14.39"
    "esbuild-linux-32" "0.14.39"
    "esbuild-linux-64" "0.14.39"
    "esbuild-linux-arm" "0.14.39"
    "esbuild-linux-arm64" "0.14.39"
    "esbuild-linux-mips64le" "0.14.39"
    "esbuild-linux-ppc64le" "0.14.39"
    "esbuild-linux-riscv64" "0.14.39"
    "esbuild-linux-s390x" "0.14.39"
    "esbuild-netbsd-64" "0.14.39"
    "esbuild-openbsd-64" "0.14.39"
    "esbuild-sunos-64" "0.14.39"
    "esbuild-windows-32" "0.14.39"
    "esbuild-windows-64" "0.14.39"
    "esbuild-windows-arm64" "0.14.39"

"estree-walker@^2.0.2":
  "integrity" "sha512-Rfkk/Mp/DL7JVje3u18FxFujQlTNR2q6QfMSMB7AvCBx91NGj/ba3kCfza0f6dVDbw7YlRf/nDrn7pQrCCyQ/w=="
  "resolved" "https://registry.npmmirror.com/estree-walker/-/estree-walker-2.0.2.tgz"
  "version" "2.0.2"

"fs-extra@^11.1.1":
  "integrity" "sha512-MGIE4HOvQCeUCzmlHs0vXpih4ysz4wg9qiSAu6cd42lVwPbTM1TjV7RusoyQqMmk/95gdQZX72u+YW+c3eEpFQ=="
  "resolved" "https://registry.npmmirror.com/fs-extra/-/fs-extra-11.1.1.tgz"
  "version" "11.1.1"
  dependencies:
    "graceful-fs" "^4.2.0"
    "jsonfile" "^6.0.1"
    "universalify" "^2.0.0"

"function-bind@^1.1.1":
  "integrity" "sha512-yIovAzMX49sF8Yl58fSCWJ5svSLuaibPxXQJFLmBObTuCr0Mf1KiPopGM9NiFjiYBCbfaa2Fh6breQ6ANVTI0A=="
  "resolved" "https://registry.npmmirror.com/function-bind/-/function-bind-1.1.1.tgz"
  "version" "1.1.1"

"graceful-fs@^4.1.6", "graceful-fs@^4.2.0":
  "integrity" "sha512-RbJ5/jmFcNNCcDV5o9eTnBLJ/HszWV0P73bc+Ff4nS/rJj+YaS6IGyiOL0VoBYX+l1Wrl3k63h/KrH+nhJ0XvQ=="
  "resolved" "https://registry.npmmirror.com/graceful-fs/-/graceful-fs-4.2.11.tgz"
  "version" "4.2.11"

"has@^1.0.3":
  "integrity" "sha512-f2dvO0VU6Oej7RkWJGrehjbzMAjFp5/VKPp5tTpWIV4JHHZK1/BxbFRtf/siA2SWTe09caDmVtYYzWEIbBS4zw=="
  "resolved" "https://registry.npmmirror.com/has/-/has-1.0.3.tgz"
  "version" "1.0.3"
  dependencies:
    "function-bind" "^1.1.1"

"is-core-module@^2.8.1":
  "integrity" "sha512-+5FPy5PnwmO3lvfMb0AsoPaBG+5KHUI0wYFXOtYPnVVVspTFUuMZNfNaNVRt3FZadstu2c8x23vykRW/NBoU6A=="
  "resolved" "https://registry.npmmirror.com/is-core-module/-/is-core-module-2.9.0.tgz"
  "version" "2.9.0"
  dependencies:
    "has" "^1.0.3"

"js-calendar@^1.2.3":
  "integrity" "sha512-dAA1/Zbp4+c5E+ARCVTIuKepXsNLzSYfzvOimiYD4S5eeP9QuplSHLcdhfqFSwyM1o1u6ku6RRRCyaZ0YAjiBw=="
  "resolved" "https://registry.npmmirror.com/js-calendar/-/js-calendar-1.2.3.tgz"
  "version" "1.2.3"

"jsonfile@^6.0.1":
  "integrity" "sha512-5dgndWOriYSm5cnYaJNhalLNDKOqFwyDB/rr1E9ZsGciGvKPs8R2xYGCacuf3z6K1YKDz182fd+fY3cn3pMqXQ=="
  "resolved" "https://registry.npmmirror.com/jsonfile/-/jsonfile-6.1.0.tgz"
  "version" "6.1.0"
  dependencies:
    "universalify" "^2.0.0"
  optionalDependencies:
    "graceful-fs" "^4.1.6"

"lodash.chunk@^4.2.0":
  "integrity" "sha512-ZzydJKfUHJwHa+hF5X66zLFCBrWn5GeF28OHEr4WVWtNDXlQ/IjWKPBiikqKo2ne0+v6JgCgJ0GzJp8k8bHC7w=="
  "resolved" "https://registry.npmmirror.com/lodash.chunk/-/lodash.chunk-4.2.0.tgz"
  "version" "4.2.0"

"lodash.throttle@^4.1.1":
  "integrity" "sha512-wIkUCfVKpVsWo3JSZlc+8MB5it+2AN5W8J7YVMST30UrvcQNZ1Okbj+rbVniijTWE6FGYy4XJq/rHkas8qJMLQ=="
  "resolved" "https://registry.npmmirror.com/lodash.throttle/-/lodash.throttle-4.1.1.tgz"
  "version" "4.1.1"

"magic-string@^0.25.7":
  "integrity" "sha512-RmF0AsMzgt25qzqqLc1+MbHmhdx0ojF2Fvs4XnOqz2ZOBXzzkEwc/dJQZCYHAn7v1jbVOjAZfK8msRn4BxO4VQ=="
  "resolved" "https://registry.npmmirror.com/magic-string/-/magic-string-0.25.9.tgz"
  "version" "0.25.9"
  dependencies:
    "sourcemap-codec" "^1.4.8"

"magic-string@^0.26.1":
  "integrity" "sha512-NzzlXpclt5zAbmo6h6jNc8zl2gNRGHvmsZW4IvZhTC4W7k4OlLP+S5YLussa/r3ixNT66KOQfNORlXHSOy/X4A=="
  "resolved" "http://192.168.77.105:8081/nexus/content/groups/npm-all/magic-string/-/magic-string-0.26.2.tgz"
  "version" "0.26.2"
  dependencies:
    "sourcemap-codec" "^1.4.8"

"nanoid@^3.3.4":
  "integrity" "sha512-MqBkQh/OHTS2egovRtLk45wEyNXwF+cokD+1YPf9u5VfJiRdAiRwB2froX5Co9Rh20xs4siNPm8naNotSD6RBw=="
  "resolved" "https://registry.npmmirror.com/nanoid/-/nanoid-3.3.4.tgz"
  "version" "3.3.4"

"numeral@^2.0.6":
  "integrity" "sha512-qaKRmtYPZ5qdw4jWJD6bxEf1FJEqllJrwxCLIm0sQU/A7v2/czigzOb+C2uSiFsa9lBUzeH7M1oK+Q+OLxL3kA=="
  "resolved" "https://registry.npmmirror.com/numeral/-/numeral-2.0.6.tgz"
  "version" "2.0.6"

"path-parse@^1.0.7":
  "integrity" "sha512-LDJzPVEEEPR+y48z93A0Ed0yXb8pAByGWo/k5YYdYgpY2/2EsOsksJrq7lOHxryrVOn1ejG6oAp8ahvOIQD8sw=="
  "resolved" "https://registry.npmmirror.com/path-parse/-/path-parse-1.0.7.tgz"
  "version" "1.0.7"

"picocolors@^1.0.0":
  "integrity" "sha512-1fygroTLlHu66zi26VoTDv8yRgm0Fccecssto+MhsZ0D/DGW2sm8E8AjW7NU5VVTRt5GxbeZ5qBuJr+HyLYkjQ=="
  "resolved" "https://registry.npmmirror.com/picocolors/-/picocolors-1.0.0.tgz"
  "version" "1.0.0"

"popper.js@^1.14.6":
  "integrity" "sha512-Wb4p1J4zyFTbM+u6WuO4XstYx4Ky9Cewe4DWrel7B0w6VVICvPwdOpotjzcf6eD8TsckVnIMNONQyPIUFOUbCQ=="
  "resolved" "https://registry.npmmirror.com/popper.js/-/popper.js-1.16.1.tgz"
  "version" "1.16.1"

"postcss@^8.1.10", "postcss@^8.4.13":
  "integrity" "sha512-E398TUmfAYFPBSdzgeieK2Y1+1cpdxJx8yXbK/m57nRhKSmk1GB2tO4lbLBtlkfPQTDKfe4Xqv1ASWPpayPEig=="
  "resolved" "https://registry.npmmirror.com/postcss/-/postcss-8.4.14.tgz"
  "version" "8.4.14"
  dependencies:
    "nanoid" "^3.3.4"
    "picocolors" "^1.0.0"
    "source-map-js" "^1.0.2"

"regenerator-runtime@^0.13.9":
  "integrity" "sha512-p3VT+cOEgxFsRRA9X4lkI1E+k2/CtnKtU4gcxyaCUreilL/vqI6CdZ3wxVUx3UOUg+gnUOQQcRI7BmSI656MYA=="
  "resolved" "http://192.168.77.105:8081/nexus/content/groups/npm-all/regenerator-runtime/-/regenerator-runtime-0.13.9.tgz"
  "version" "0.13.9"

"resolve@^1.22.0":
  "integrity" "sha512-Hhtrw0nLeSrFQ7phPp4OOcVjLPIeMnRlr5mcnVuMe7M/7eBn98A3hmFRLoFo3DLZkivSYwhRUJTyPyWAk56WLw=="
  "resolved" "https://registry.npmmirror.com/resolve/-/resolve-1.22.0.tgz"
  "version" "1.22.0"
  dependencies:
    "is-core-module" "^2.8.1"
    "path-parse" "^1.0.7"
    "supports-preserve-symlinks-flag" "^1.0.0"

"rollup@^2.59.0":
  "integrity" "sha512-K2zW7kV8Voua5eGkbnBtWYfMIhYhT9Pel2uhBk2WO5eMee161nPze/XRfvEQPFYz7KgrCCnmh2Wy0AMFLGGmMA=="
  "resolved" "https://registry.npmmirror.com/rollup/-/rollup-2.74.1.tgz"
  "version" "2.74.1"
  optionalDependencies:
    "fsevents" "~2.3.2"

"select@^1.1.2":
  "integrity" "sha512-OwpTSOfy6xSs1+pwcNrv0RBMOzI39Lp3qQKUTPVVPRjCdNa5JH/oPRiqsesIskK8TVgmRiHwO4KXlV2Li9dANA=="
  "resolved" "https://registry.npmmirror.com/select/-/select-1.1.2.tgz"
  "version" "1.1.2"

"source-map-js@^1.0.2":
  "integrity" "sha512-R0XvVJ9WusLiqTCEiGCmICCMplcCkIwwR11mOSD9CR5u+IXYdiseeEuXCVAjS54zqwkLcPNnmU4OeJ6tUrWhDw=="
  "resolved" "https://registry.npmmirror.com/source-map-js/-/source-map-js-1.0.2.tgz"
  "version" "1.0.2"

"source-map@^0.6.1":
  "integrity" "sha512-UjgapumWlbMhkBgzT7Ykc5YXUT46F0iKu8SGXq0bcwP5dz/h0Plj6enJqjz1Zbq2l5WaqYnrVbwWOWMyF3F47g=="
  "resolved" "https://registry.npmmirror.com/source-map/-/source-map-0.6.1.tgz"
  "version" "0.6.1"

"sourcemap-codec@^1.4.8":
  "integrity" "sha512-9NykojV5Uih4lgo5So5dtw+f0JgJX30KCNI8gwhz2J9A15wD0Ml6tjHKwf6fTSa6fAdVBdZeNOs9eJ71qCk8vA=="
  "resolved" "https://registry.npmmirror.com/sourcemap-codec/-/sourcemap-codec-1.4.8.tgz"
  "version" "1.4.8"

"supports-preserve-symlinks-flag@^1.0.0":
  "integrity" "sha512-ot0WnXS9fgdkgIcePe6RHNk1WA8+muPa6cSjeR3V8K27q9BB1rTE3R1p7Hv0z1ZyAc8s6Vvv8DIyWf681MAt0w=="
  "resolved" "https://registry.npmmirror.com/supports-preserve-symlinks-flag/-/supports-preserve-symlinks-flag-1.0.0.tgz"
  "version" "1.0.0"

"systemjs@^6.12.1":
  "integrity" "sha512-hqTN6kW+pN6/qro6G9OZ7ceDQOcYno020zBQKpZQLsJhYTDMCMNfXi/Y8duF5iW+4WWZr42ry0MMkcRGpbwG2A=="
  "resolved" "http://192.168.77.105:8081/nexus/content/groups/npm-all/systemjs/-/systemjs-6.12.1.tgz"
  "version" "6.12.1"

"tinycolor2@^1.4.1":
  "integrity" "sha512-vJhccZPs965sV/L2sU4oRQVAos0pQXwsvTLkWYdqJ+a8Q5kPFzJTuOFwy7UniPli44NKQGAglksjvOcpo95aZA=="
  "resolved" "https://registry.npmmirror.com/tinycolor2/-/tinycolor2-1.4.2.tgz"
  "version" "1.4.2"

"universalify@^2.0.0":
  "integrity" "sha512-hAZsKq7Yy11Zu1DE0OzWjw7nnLZmJZYTDZZyEFHZdUhV8FkH5MCfoU1XMaxXovpyW5nq5scPqq0ZDP9Zyl04oQ=="
  "resolved" "https://registry.npmmirror.com/universalify/-/universalify-2.0.0.tgz"
  "version" "2.0.0"

"v-click-outside-x@^3.7.1":
  "integrity" "sha512-WmUgmcIXr9clVpm1AYS/FgHtcDicfnfoxgQCNg4O6vfk9GVnxA0vSqO321ogUo0b7czYTidj7fQENvWFMWOkUg=="
  "resolved" "https://registry.npmmirror.com/v-click-outside-x/-/v-click-outside-x-3.7.1.tgz"
  "version" "3.7.1"

"view-ui-plus@^1.2.0":
  "integrity" "sha512-61hCiP/uTNst+o9uM15P3VTAIRCIhsZCNxkAQ2ujU17Kn7FpKLqYsfY2+tmy9ivVBATMy/kxTkRbNHX0zH6ySg=="
  "resolved" "https://registry.npmmirror.com/view-ui-plus/-/view-ui-plus-1.2.0.tgz"
  "version" "1.2.0"
  dependencies:
    "async-validator" "^3.3.0"
    "countup.js" "^1.9.3"
    "dayjs" "^1.11.0"
    "deepmerge" "^2.2.1"
    "element-resize-detector" "^1.2.0"
    "js-calendar" "^1.2.3"
    "lodash.chunk" "^4.2.0"
    "lodash.throttle" "^4.1.1"
    "numeral" "^2.0.6"
    "popper.js" "^1.14.6"
    "select" "^1.1.2"
    "tinycolor2" "^1.4.1"
    "v-click-outside-x" "^3.7.1"

"vite@^2.5.10", "vite@^2.8.0", "vite@^2.9.9":
  "integrity" "sha512-ffaam+NgHfbEmfw/Vuh6BHKKlI/XIAhxE5QSS7gFLIngxg171mg1P3a4LSRME0z2ZU1ScxoKzphkipcYwSD5Ew=="
  "resolved" "https://registry.npmmirror.com/vite/-/vite-2.9.9.tgz"
  "version" "2.9.9"
  dependencies:
    "esbuild" "^0.14.27"
    "postcss" "^8.4.13"
    "resolve" "^1.22.0"
    "rollup" "^2.59.0"
  optionalDependencies:
    "fsevents" "~2.3.2"

"vue-demi@*":
  "integrity" "sha512-BREuTgTYlUr0zw0EZn3hnhC3I6gPWv+Kwh4MCih6QcAeaTlaIX0DwOVN0wHej7hSvDPecz4jygy/idsgKfW58Q=="
  "resolved" "https://registry.npmmirror.com/vue-demi/-/vue-demi-0.12.5.tgz"
  "version" "0.12.5"

"vue-router@4":
  "integrity" "sha512-xa+pIN9ZqORdIW1MkN2+d9Ui2pCM1b/UMgwYUCZOiFYHAvz/slKKBDha8DLrh5aCG/RibtrpyhKjKOZ85tYyWg=="
  "resolved" "https://registry.npmmirror.com/vue-router/-/vue-router-4.0.15.tgz"
  "version" "4.0.15"
  dependencies:
    "@vue/devtools-api" "^6.0.0"

"vue@^2.6.0 || ^3.2.0", "vue@^3.0.0-0 || ^2.6.0", "vue@^3.2.0", "vue@^3.2.25", "vue@3.2.36":
  "integrity" "sha512-5yTXmrE6gW8IQgttzHW5bfBiFA6mx35ZXHjGLDmKYzW6MMmYvCwuKybANRepwkMYeXw2v1buGg3/lPICY5YlZw=="
  "resolved" "https://registry.npmmirror.com/vue/-/vue-3.2.36.tgz"
  "version" "3.2.36"
  dependencies:
    "@vue/compiler-dom" "3.2.36"
    "@vue/compiler-sfc" "3.2.36"
    "@vue/runtime-dom" "3.2.36"
    "@vue/server-renderer" "3.2.36"
    "@vue/shared" "3.2.36"
